PODS:
  - AFNetworking (2.6.2):
    - AFNetworking/NSURLConnection (= 2.6.2)
    - AFNetworking/NSURLSession (= 2.6.2)
    - AFNetworking/Reachability (= 2.6.2)
    - AFNetworking/Security (= 2.6.2)
    - AFNetworking/Serialization (= 2.6.2)
    - AFNetworking/UIKit (= 2.6.2)
  - AFNetworking/NSURLConnection (2.6.2):
    - AFNetworking/Reachability
    - AFNetworking/Security
    - AFNetworking/Serialization
  - AFNetworking/NSURLSession (2.6.2):
    - AFNetworking/Reachability
    - AFNetworking/Security
    - AFNetworking/Serialization
  - AFNetworking/Reachability (2.6.2)
  - AFNetworking/Security (2.6.2)
  - AFNetworking/Serialization (2.6.2)
  - AFNetworking/UIKit (2.6.2):
    - AFNetworking/NSURLConnection
    - AFNetworking/NSURLSession
  - Alamofire (3.1.2)
  - AlamofireImage (2.1.0):
    - Alamofire (~> 3.1)
  - Bolts (1.4.0):
    - Bolts/AppLinks (= 1.4.0)
    - Bolts/Tasks (= 1.4.0)
  - Bolts/AppLinks (1.4.0):
    - Bolts/Tasks
  - Bolts/Tasks (1.4.0)
  - Braintree (3.9.6):
    - Braintree/API (= 3.9.6)
    - Braintree/Coinbase (= 3.9.6)
    - Braintree/Drop-In (= 3.9.6)
    - Braintree/Payments (= 3.9.6)
    - Braintree/PayPal (= 3.9.6)
    - Braintree/UI (= 3.9.6)
    - Braintree/Venmo (= 3.9.6)
  - Braintree/API (3.9.6)
  - Braintree/Coinbase (3.9.6):
    - Braintree/API
  - Braintree/Drop-In (3.9.6):
    - Braintree/API
    - Braintree/Coinbase
    - Braintree/Payments
    - Braintree/PayPal
    - Braintree/UI
    - Braintree/Venmo
  - Braintree/Payments (3.9.6):
    - Braintree/API
    - Braintree/Coinbase
    - Braintree/PayPal
    - Braintree/Venmo
  - Braintree/PayPal (3.9.6):
    - Braintree/API
    - Braintree/UI
  - Braintree/UI (3.9.6):
    - Braintree/API
  - Braintree/Venmo (3.9.6):
    - Braintree/API
  - FacebookImagePicker (2.0.6):
    - FBSDKCoreKit (~> 4.6.0)
    - FBSDKLoginKit (~> 4.6.0)
    - SDWebImage (~> 3.7.2)
  - FBSDKCoreKit (4.6.0):
    - Bolts (~> 1.1)
    - FBSDKCoreKit/arc (= 4.6.0)
    - FBSDKCoreKit/no-arc (= 4.6.0)
  - FBSDKCoreKit/arc (4.6.0):
    - Bolts (~> 1.1)
  - FBSDKCoreKit/no-arc (4.6.0):
    - Bolts (~> 1.1)
    - FBSDKCoreKit/arc
  - FBSDKLoginKit (4.6.0):
    - FBSDKCoreKit
  - InstagramKit/UICKeyChainStore (3.6.9):
    - AFNetworking (~> 2.0)
    - UICKeyChainStore (~> 2.0)
  - LMGeocoder (1.0.3)
  - SDWebImage (3.7.3):
    - SDWebImage/Core (= 3.7.3)
  - SDWebImage/Core (3.7.3)
  - SwiftyJSON (2.3.1)
  - UICKeyChainStore (2.1.0)

DEPENDENCIES:
  - AFNetworking
  - Alamofire
  - AlamofireImage (~> 2.0)
  - Braintree
  - FacebookImagePicker
  - FBSDKLoginKit
  - InstagramKit/UICKeyChainStore
  - LMGeocoder
  - SDWebImage (~> 3.7.2)
  - SwiftyJSON

SPEC CHECKSUMS:
  AFNetworking: 7f317038a9710cabfa43ec56396b307b45df72ab
  Alamofire: 7c16ca65f3c7e681fd925fd7f2dec7747ff96855
  AlamofireImage: 97e00995920d85b5cb23ee4c3b7f92605f5dc74b
  Bolts: 0e9bce58b9b9f5e8a7a4d47b16d2fabec289072b
  Braintree: 74f0bd85743c2227147c361cc2c5c9aefe083ae8
  FacebookImagePicker: 7f3d70cb0a9b22b68dddac46864322d633385e03
  FBSDKCoreKit: 9954492d90c5fd65ae831395697a1660360d61f1
  FBSDKLoginKit: 3d07febbfa884b9878cacba54f705bb41f07d4b6
  InstagramKit: 1f937c5c4b8469fd00a31e235d5e7d3e256ffe5d
  LMGeocoder: 100572f9e572a26d3506ee0604d6629bea391767
  SDWebImage: 1d2b1a1efda1ade1b00b6f8498865f8ddedc8a84
  SwiftyJSON: 592b53bee5ef3dd9b3bebc6b9cb7ee35426ae8c3
  UICKeyChainStore: f1cbd42216a113f0165de1e733e62905b8823432

COCOAPODS: 0.39.0
